# This file is automatically @generated by Cargo.
# It is not intended for manual editing.
version = 3

[[package]]
name = "get_input"
version = "0.1.0"
source = "git+https://github.com/ulibo-yuki/get_input#733a6ec6c47df0d730997841194c528c16be038b"

[[package]]
name = "voicefile_name_changer"
version = "0.2.1"
dependencies = [
 "get_input",
]
